
Microsoft Visual Studio Solution File, Format Version 12.00
# Visual Studio Version 17
VisualStudioVersion = 17.11.35327.3
MinimumVisualStudioVersion = 10.0.40219.1
Project("{9A19103F-16F7-4668-BE54-9A1E7A4F7556}") = "StoreFrontUI", "StoreFrontUI\StoreFrontUI.csproj", "{73C7F9F8-A1BE-4B3B-B854-64545AA5AEB2}"
EndProject
Project("{9A19103F-16F7-4668-BE54-9A1E7A4F7556}") = "StoreFrontUI.Client", "StoreFrontUI.Client\StoreFrontUI.Client.csproj", "{F9219D14-3C86-4795-A04B-CA9FC426E5B3}"
EndProject
Global
	GlobalSection(SolutionConfigurationPlatforms) = preSolution
		Debug|Any CPU = Debug|Any CPU
		Release|Any CPU = Release|Any CPU
	EndGlobalSection
	GlobalSection(ProjectConfigurationPlatforms) = postSolution
		{73C7F9F8-A1BE-4B3B-B854-64545AA5AEB2}.Debug|Any CPU.ActiveCfg = Debug|Any CPU
		{73C7F9F8-A1BE-4B3B-B854-64545AA5AEB2}.Debug|Any CPU.Build.0 = Debug|Any CPU
		{73C7F9F8-A1BE-4B3B-B854-64545AA5AEB2}.Release|Any CPU.ActiveCfg = Release|Any CPU
		{73C7F9F8-A1BE-4B3B-B854-64545AA5AEB2}.Release|Any CPU.Build.0 = Release|Any CPU
		{F9219D14-3C86-4795-A04B-CA9FC426E5B3}.Debug|Any CPU.ActiveCfg = Debug|Any CPU
		{F9219D14-3C86-4795-A04B-CA9FC426E5B3}.Debug|Any CPU.Build.0 = Debug|Any CPU
		{F9219D14-3C86-4795-A04B-CA9FC426E5B3}.Release|Any CPU.ActiveCfg = Release|Any CPU
		{F9219D14-3C86-4795-A04B-CA9FC426E5B3}.Release|Any CPU.Build.0 = Release|Any CPU
	EndGlobalSection
	GlobalSection(SolutionProperties) = preSolution
		HideSolutionNode = FALSE
	EndGlobalSection
	GlobalSection(ExtensibilityGlobals) = postSolution
		SolutionGuid = {DE3F8CEE-B273-4A9A-99BB-331639EA15B1}
	EndGlobalSection
EndGlobal
